
Microsoft Visual Studio Solution File, Format Version 12.00
# Visual Studio Version 16
VisualStudioVersion = 16.0.29709.97
MinimumVisualStudioVersion = 10.0.40219.1
Project("{FAE04EC0-301F-11D3-BF4B-00C04F79EFBC}") = "WildRealms-Launcher", "WildRealms-Launcher.csproj", "{69FF6B76-69EE-4FDF-9D28-FB2F3CAFF80F}"
EndProject
Global
	GlobalSection(SolutionConfigurationPlatforms) = preSolution
		Debug|Any CPU = Debug|Any CPU
		Release|Any CPU = Release|Any CPU
	EndGlobalSection
	GlobalSection(ProjectConfigurationPlatforms) = postSolution
		{69FF6B76-69EE-4FDF-9D28-FB2F3CAFF80F}.Debug|Any CPU.ActiveCfg = Debug|Any CPU
		{69FF6B76-69EE-4FDF-9D28-FB2F3CAFF80F}.Debug|Any CPU.Build.0 = Debug|Any CPU
		{69FF6B76-69EE-4FDF-9D28-FB2F3CAFF80F}.Release|Any CPU.ActiveCfg = Release|Any CPU
		{69FF6B76-69EE-4FDF-9D28-FB2F3CAFF80F}.Release|Any CPU.Build.0 = Release|Any CPU
	EndGlobalSection
	GlobalSection(SolutionProperties) = preSolution
		HideSolutionNode = FALSE
	EndGlobalSection
	GlobalSection(ExtensibilityGlobals) = postSolution
		SolutionGuid = {DD810D94-2F0D-43F2-BC8A-164744E526DA}
	EndGlobalSection
EndGlobal
